
Microsoft Visual Studio Solution File, Format Version 12.00
# Visual Studio Version 16
VisualStudioVersion = 16.0.30907.101
MinimumVisualStudioVersion = 10.0.40219.1
Project("{FAE04EC0-301F-11D3-BF4B-00C04F79EFBC}") = "WebApplication1", "WebApplication1\WebApplication1.csproj", "{0018E09E-1F9A-45E7-8AE4-157EAE76E77E}"
EndProject
Global
	GlobalSection(SolutionConfigurationPlatforms) = preSolution
		Debug|Any CPU = Debug|Any CPU
		Release|Any CPU = Release|Any CPU
	EndGlobalSection
	GlobalSection(ProjectConfigurationPlatforms) = postSolution
		{0018E09E-1F9A-45E7-8AE4-157EAE76E77E}.Debug|Any CPU.ActiveCfg = Debug|Any CPU
		{0018E09E-1F9A-45E7-8AE4-157EAE76E77E}.Debug|Any CPU.Build.0 = Debug|Any CPU
		{0018E09E-1F9A-45E7-8AE4-157EAE76E77E}.Release|Any CPU.ActiveCfg = Release|Any CPU
		{0018E09E-1F9A-45E7-8AE4-157EAE76E77E}.Release|Any CPU.Build.0 = Release|Any CPU
	EndGlobalSection
	GlobalSection(SolutionProperties) = preSolution
		HideSolutionNode = FALSE
	EndGlobalSection
	GlobalSection(ExtensibilityGlobals) = postSolution
		SolutionGuid = {04FEB306-D6E4-4C7E-B990-EE2FECCE2652}
	EndGlobalSection
EndGlobal
